// !$*UTF8*$!
{
	archiveVersion = 1;
	classes = {
	};
	objectVersion = 46;
	objects = {

/* Begin PBXBuildFile section */
		84E87E3C1C9A89D10017FCA9 /* AppDelegate.swift in Sources */ = {isa = PBXBuildFile; fileRef = 84E87E3B1C9A89D10017FCA9 /* AppDelegate.swift */; };
		84E87E3E1C9A89D10017FCA9 /* ViewController.swift in Sources */ = {isa = PBXBuildFile; fileRef = 84E87E3D1C9A89D10017FCA9 /* ViewController.swift */; };
		84E87E411C9A89D10017FCA9 /* Main.storyboard in Resources */ = {isa = PBXBuildFile; fileRef = 84E87E3F1C9A89D10017FCA9 /* Main.storyboard */; };
		84E87E441C9A89D10017FCA9 /* testGit.xcdatamodeld in Sources */ = {isa = PBXBuildFile; fileRef = 84E87E421C9A89D10017FCA9 /* testGit.xcdatamodeld */; };
		84E87E461C9A89D10017FCA9 /* Assets.xcassets in Resources */ = {isa = PBXBuildFile; fileRef = 84E87E451C9A89D10017FCA9 /* Assets.xcassets */; };
		84E87E491C9A89D10017FCA9 /* LaunchScreen.storyboard in Resources */ = {isa = PBXBuildFile; fileRef = 84E87E471C9A89D10017FCA9 /* LaunchScreen.storyboard */; };
		84E87E541C9A89D20017FCA9 /* testGitTests.swift in Sources */ = {isa = PBXBuildFile; fileRef = 84E87E531C9A89D20017FCA9 /* testGitTests.swift */; };
		84E87E5F1C9A89D20017FCA9 /* testGitUITests.swift in Sources */ = {isa = PBXBuildFile; fileRef = 84E87E5E1C9A89D20017FCA9 /* testGitUITests.swift */; };
/* End PBXBuildFile section */

/* Begin PBXContainerItemProxy section */
		84E87E501C9A89D20017FCA9 /* PBXContainerItemProxy */ = {
			isa = PBXContainerItemProxy;
			containerPortal = 84E87E301C9A89D00017FCA9 /* Project object */;
			proxyType = 1;
			remoteGlobalIDString = 84E87E371C9A89D00017FCA9;
			remoteInfo = testGit;
		};
		84E87E5B1C9A89D20017FCA9 /* PBXContainerItemProxy */ = {
			isa = PBXContainerItemProxy;
			containerPortal = 84E87E301C9A89D00017FCA9 /* Project object */;
			proxyType = 1;
			remoteGlobalIDString = 84E87E371C9A89D00017FCA9;
			remoteInfo = testGit;
		};
/* End PBXContainerItemProxy section */

/* Begin PBXFileReference section */
		84E87E381C9A89D10017FCA9 /* testGit.app */ = {isa = PBXFileReference; explicitFileType = wrapper.application; includeInIndex = 0; path = testGit.app; sourceTree = BUILT_PRODUCTS_DIR; };
		84E87E3B1C9A89D10017FCA9 /* AppDelegate.swift */ = {isa = PBXFileReference; lastKnownFileType = sourcecode.swift; path = AppDelegate.swift; sourceTree = "<group>"; };
		84E87E3D1C9A89D10017FCA9 /* ViewController.swift */ = {isa = PBXFileReference; lastKnownFileType = sourcecode.swift; path = ViewController.swift; sourceTree = "<group>"; };
		84E87E401C9A89D10017FCA9 /* Base */ = {isa = PBXFileReference; lastKnownFileType = file.storyboard; name = Base; path = Base.lproj/Main.storyboard; sourceTree = "<group>"; };
		84E87E431C9A89D10017FCA9 /* testGit.xcdatamodel */ = {isa = PBXFileReference; lastKnownFileType = wrapper.xcdatamodel; path = testGit.xcdatamodel; sourceTree = "<group>"; };
		84E87E451C9A89D10017FCA9 /* Assets.xcassets */ = {isa = PBXFileReference; lastKnownFileType = folder.assetcatalog; path = Assets.xcassets; sourceTree = "<group>"; };
		84E87E481C9A89D10017FCA9 /* Base */ = {isa = PBXFileReference; lastKnownFileType = file.storyboard; name = Base; path = Base.lproj/LaunchScreen.storyboard; sourceTree = "<group>"; };
		84E87E4A1C9A89D10017FCA9 /* Info.plist */ = {isa = PBXFileReference; lastKnownFileType = text.plist.xml; path = Info.plist; sourceTree = "<group>"; };
		84E87E4F1C9A89D20017FCA9 /* testGitTests.xctest */ = {isa = PBXFileReference; explicitFileType = wrapper.cfbundle; includeInIndex = 0; path = testGitTests.xctest; sourceTree = BUILT_PRODUCTS_DIR; };
		84E87E531C9A89D20017FCA9 /* testGitTests.swift */ = {isa = PBXFileReference; lastKnownFileType = sourcecode.swift; path = testGitTests.swift; sourceTree = "<group>"; };
		84E87E551C9A89D20017FCA9 /* Info.plist */ = {isa = PBXFileReference; lastKnownFileType = text.plist.xml; path = Info.plist; sourceTree = "<group>"; };
		84E87E5A1C9A89D20017FCA9 /* testGitUITests.xctest */ = {isa = PBXFileReference; explicitFileType = wrapper.cfbundle; includeInIndex = 0; path = testGitUITests.xctest; sourceTree = BUILT_PRODUCTS_DIR; };
		84E87E5E1C9A89D20017FCA9 /* testGitUITests.swift */ = {isa = PBXFileReference; lastKnownFileType = sourcecode.swift; path = testGitUITests.swift; sourceTree = "<group>"; };
		84E87E601C9A89D20017FCA9 /* Info.plist */ = {isa = PBXFileReference; lastKnownFileType = text.plist.xml; path = Info.plist; sourceTree = "<group>"; };
/* End PBXFileReference section */

/* Begin PBXFrameworksBuildPhase section */
		84E87E351C9A89D00017FCA9 /* Frameworks */ = {
			isa = PBXFrameworksBuildPhase;
			buildActionMask = 2147483647;
			files = (
			);
			runOnlyForDeploymentPostprocessing = 0;
		};
		84E87E4C1C9A89D10017FCA9 /* Frameworks */ = {
			isa = PBXFrameworksBuildPhase;
			buildActionMask = 2147483647;
			files = (
			);
			runOnlyForDeploymentPostprocessing = 0;
		};
		84E87E571C9A89D20017FCA9 /* Frameworks */ = {
			isa = PBXFrameworksBuildPhase;
			buildActionMask = 2147483647;
			files = (
			);
			runOnlyForDeploymentPostprocessing = 0;
		};
/* End PBXFrameworksBuildPhase section */

/* Begin PBXGroup section */
		84E87E2F1C9A89D00017FCA9 = {
			isa = PBXGroup;
			children = (
				84E87E3A1C9A89D10017FCA9 /* testGit */,
				84E87E521C9A89D20017FCA9 /* testGitTests */,
				84E87E5D1C9A89D20017FCA9 /* testGitUITests */,
				84E87E391C9A89D10017FCA9 /* Products */,
			);
			sourceTree = "<group>";
		};
		84E87E391C9A89D10017FCA9 /* Products */ = {
			isa = PBXGroup;
			children = (
				84E87E381C9A89D10017FCA9 /* testGit.app */,
				84E87E4F1C9A89D20017FCA9 /* testGitTests.xctest */,
				84E87E5A1C9A89D20017FCA9 /* testGitUITests.xctest */,
			);
			name = Products;
			sourceTree = "<group>";
		};
		84E87E3A1C9A89D10017FCA9 /* testGit */ = {
			isa = PBXGroup;
			children = (
				84E87E3B1C9A89D10017FCA9 /* AppDelegate.swift */,
				84E87E3D1C9A89D10017FCA9 /* ViewController.swift */,
				84E87E3F1C9A89D10017FCA9 /* Main.storyboard */,
				84E87E451C9A89D10017FCA9 /* Assets.xcassets */,
				84E87E471C9A89D10017FCA9 /* LaunchScreen.storyboard */,
				84E87E4A1C9A89D10017FCA9 /* Info.plist */,
				84E87E421C9A89D10017FCA9 /* testGit.xcdatamodeld */,
			);
			path = testGit;
			sourceTree = "<group>";
		};
		84E87E521C9A89D20017FCA9 /* testGitTests */ = {
			isa = PBXGroup;
			children = (
				84E87E531C9A89D20017FCA9 /* testGitTests.swift */,
				84E87E551C9A89D20017FCA9 /* Info.plist */,
			);
			path = testGitTests;
			sourceTree = "<group>";
		};
		84E87E5D1C9A89D20017FCA9 /* testGitUITests */ = {
			isa = PBXGroup;
			children = (
				84E87E5E1C9A89D20017FCA9 /* testGitUITests.swift */,
				84E87E601C9A89D20017FCA9 /* Info.plist */,
			);
			path = testGitUITests;
			sourceTree = "<group>";
		};
/* End PBXGroup section */

/* Begin PBXNativeTarget section */
		84E87E371C9A89D00017FCA9 /* testGit */ = {
			isa = PBXNativeTarget;
			buildConfigurationList = 84E87E631C9A89D20017FCA9 /* Build configuration list for PBXNativeTarget "testGit" */;
			buildPhases = (
				84E87E341C9A89D00017FCA9 /* Sources */,
				84E87E351C9A89D00017FCA9 /* Frameworks */,
				84E87E361C9A89D00017FCA9 /* Resources */,
			);
			buildRules = (
			);
			dependencies = (
			);
			name = testGit;
			productName = testGit;
			productReference = 84E87E381C9A89D10017FCA9 /* testGit.app */;
			productType = "com.apple.product-type.application";
		};
		84E87E4E1C9A89D10017FCA9 /* testGitTests */ = {
			isa = PBXNativeTarget;
			buildConfigurationList = 84E87E661C9A89D20017FCA9 /* Build configuration list for PBXNativeTarget "testGitTests" */;
			buildPhases = (
				84E87E4B1C9A89D10017FCA9 /* Sources */,
				84E87E4C1C9A89D10017FCA9 /* Frameworks */,
				84E87E4D1C9A89D10017FCA9 /* Resources */,
			);
			buildRules = (
			);
			dependencies = (
				84E87E511C9A89D20017FCA9 /* PBXTargetDependency */,
			);
			name = testGitTests;
			productName = testGitTests;
			productReference = 84E87E4F1C9A89D20017FCA9 /* testGitTests.xctest */;
			productType = "com.apple.product-type.bundle.unit-test";
		};
		84E87E591C9A89D20017FCA9 /* testGitUITests */ = {
			isa = PBXNativeTarget;
			buildConfigurationList = 84E87E691C9A89D20017FCA9 /* Build configuration list for PBXNativeTarget "testGitUITests" */;
			buildPhases = (
				84E87E561C9A89D20017FCA9 /* Sources */,
				84E87E571C9A89D20017FCA9 /* Frameworks */,
				84E87E581C9A89D20017FCA9 /* Resources */,
			);
			buildRules = (
			);
			dependencies = (
				84E87E5C1C9A89D20017FCA9 /* PBXTargetDependency */,
			);
			name = testGitUITests;
			productName = testGitUITests;
			productReference = 84E87E5A1C9A89D20017FCA9 /* testGitUITests.xctest */;
			productType = "com.apple.product-type.bundle.ui-testing";
		};
/* End PBXNativeTarget section */

/* Begin PBXProject section */
		84E87E301C9A89D00017FCA9 /* Project object */ = {
			isa = PBXProject;
			attributes = {
				LastSwiftUpdateCheck = 0720;
				LastUpgradeCheck = 0720;
				ORGANIZATIONNAME = NLB;
				TargetAttributes = {
					84E87E371C9A89D00017FCA9 = {
						CreatedOnToolsVersion = 7.2.1;
					};
					84E87E4E1C9A89D10017FCA9 = {
						CreatedOnToolsVersion = 7.2.1;
						TestTargetID = 84E87E371C9A89D00017FCA9;
					};
					84E87E591C9A89D20017FCA9 = {
						CreatedOnToolsVersion = 7.2.1;
						TestTargetID = 84E87E371C9A89D00017FCA9;
					};
				};
			};
			buildConfigurationList = 84E87E331C9A89D00017FCA9 /* Build configuration list for PBXProject "testGit" */;
			compatibilityVersion = "Xcode 3.2";
			developmentRegion = English;
			hasScannedForEncodings = 0;
			knownRegions = (
				en,
				Base,
			);
			mainGroup = 84E87E2F1C9A89D00017FCA9;
			productRefGroup = 84E87E391C9A89D10017FCA9 /* Products */;
			projectDirPath = "";
			projectRoot = "";
			targets = (
				84E87E371C9A89D00017FCA9 /* testGit */,
				84E87E4E1C9A89D10017FCA9 /* testGitTests */,
				84E87E591C9A89D20017FCA9 /* testGitUITests */,
			);
		};
/* End PBXProject section */

/* Begin PBXResourcesBuildPhase section */
		84E87E361C9A89D00017FCA9 /* Resources */ = {
			isa = PBXResourcesBuildPhase;
			buildActionMask = 2147483647;
			files = (
				84E87E491C9A89D10017FCA9 /* LaunchScreen.storyboard in Resources */,
				84E87E461C9A89D10017FCA9 /* Assets.xcassets in Resources */,
				84E87E411C9A89D10017FCA9 /* Main.storyboard in Resources */,
			);
			runOnlyForDeploymentPostprocessing = 0;
		};
		84E87E4D1C9A89D10017FCA9 /* Resources */ = {
			isa = PBXResourcesBuildPhase;
			buildActionMask = 2147483647;
			files = (
			);
			runOnlyForDeploymentPostprocessing = 0;
		};
		84E87E581C9A89D20017FCA9 /* Resources */ = {
			isa = PBXResourcesBuildPhase;
			buildActionMask = 2147483647;
			files = (
			);
			runOnlyForDeploymentPostprocessing = 0;
		};
/* End PBXResourcesBuildPhase section */

/* Begin PBXSourcesBuildPhase section */
		84E87E341C9A89D00017FCA9 /* Sources */ = {
			isa = PBXSourcesBuildPhase;
			buildActionMask = 2147483647;
			files = (
				84E87E3E1C9A89D10017FCA9 /* ViewController.swift in Sources */,
				84E87E3C1C9A89D10017FCA9 /* AppDelegate.swift in Sources */,
				84E87E441C9A89D10017FCA9 /* testGit.xcdatamodeld in Sources */,
			);
			runOnlyForDeploymentPostprocessing = 0;
		};
		84E87E4B1C9A89D10017FCA9 /* Sources */ = {
			isa = PBXSourcesBuildPhase;
			buildActionMask = 2147483647;
			files = (
				84E87E541C9A89D20017FCA9 /* testGitTests.swift in Sources */,
			);
			runOnlyForDeploymentPostprocessing = 0;
		};
		84E87E561C9A89D20017FCA9 /* Sources */ = {
			isa = PBXSourcesBuildPhase;
			buildActionMask = 2147483647;
			files = (
				84E87E5F1C9A89D20017FCA9 /* testGitUITests.swift in Sources */,
			);
			runOnlyForDeploymentPostprocessing = 0;
		};
/* End PBXSourcesBuildPhase section */

/* Begin PBXTargetDependency section */
		84E87E511C9A89D20017FCA9 /* PBXTargetDependency */ = {
			isa = PBXTargetDependency;
			target = 84E87E371C9A89D00017FCA9 /* testGit */;
			targetProxy = 84E87E501C9A89D20017FCA9 /* PBXContainerItemProxy */;
		};
		84E87E5C1C9A89D20017FCA9 /* PBXTargetDependency */ = {
			isa = PBXTargetDependency;
			target = 84E87E371C9A89D00017FCA9 /* testGit */;
			targetProxy = 84E87E5B1C9A89D20017FCA9 /* PBXContainerItemProxy */;
		};
/* End PBXTargetDependency section */

/* Begin PBXVariantGroup section */
		84E87E3F1C9A89D10017FCA9 /* Main.storyboard */ = {
			isa = PBXVariantGroup;
			children = (
				84E87E401C9A89D10017FCA9 /* Base */,
			);
			name = Main.storyboard;
			sourceTree = "<group>";
		};
		84E87E471C9A89D10017FCA9 /* LaunchScreen.storyboard */ = {
			isa = PBXVariantGroup;
			children = (
				84E87E481C9A89D10017FCA9 /* Base */,
			);
			name = LaunchScreen.storyboard;
			sourceTree = "<group>";
		};
/* End PBXVariantGroup section */

/* Begin XCBuildConfiguration section */
		84E87E611C9A89D20017FCA9 /* Debug */ = {
			isa = XCBuildConfiguration;
			buildSettings = {
				ALWAYS_SEARCH_USER_PATHS = NO;
				CLANG_CXX_LANGUAGE_STANDARD = "gnu++0x";
				CLANG_CXX_LIBRARY = "libc++";
				CLANG_ENABLE_MODULES = YES;
				CLANG_ENABLE_OBJC_ARC = YES;
				CLANG_WARN_BOOL_CONVERSION = YES;
				CLANG_WARN_CONSTANT_CONVERSION = YES;
				CLANG_WARN_DIRECT_OBJC_ISA_USAGE = YES_ERROR;
				CLANG_WARN_EMPTY_BODY = YES;
				CLANG_WARN_ENUM_CONVERSION = YES;
				CLANG_WARN_INT_CONVERSION = YES;
				CLANG_WARN_OBJC_ROOT_CLASS = YES_ERROR;
				CLANG_WARN_UNREACHABLE_CODE = YES;
				CLANG_WARN__DUPLICATE_METHOD_MATCH = YES;
				"CODE_SIGN_IDENTITY[sdk=iphoneos*]" = "iPhone Developer";
				COPY_PHASE_STRIP = NO;
				DEBUG_INFORMATION_FORMAT = dwarf;
				ENABLE_STRICT_OBJC_MSGSEND = YES;
				ENABLE_TESTABILITY = YES;
				GCC_C_LANGUAGE_STANDARD = gnu99;
				GCC_DYNAMIC_NO_PIC = NO;
				GCC_NO_COMMON_BLOCKS = YES;
				GCC_OPTIMIZATION_LEVEL = 0;
				GCC_PREPROCESSOR_DEFINITIONS = (
					"DEBUG=1",
					"$(inherited)",
				);
				GCC_WARN_64_TO_32_BIT_CONVERSION = YES;
				GCC_WARN_ABOUT_RETURN_TYPE = YES_ERROR;
				GCC_WARN_UNDECLARED_SELECTOR = YES;
				GCC_WARN_UNINITIALIZED_AUTOS = YES_AGGRESSIVE;
				GCC_WARN_UNUSED_FUNCTION = YES;
				GCC_WARN_UNUSED_VARIABLE = YES;
				IPHONEOS_DEPLOYMENT_TARGET = 9.2;
				MTL_ENABLE_DEBUG_INFO = YES;
				ONLY_ACTIVE_ARCH = YES;
				SDKROOT = iphoneos;
				SWIFT_OPTIMIZATION_LEVEL = "-Onone";
			};
			name = Debug;
		};
		84E87E621C9A89D20017FCA9 /* Release */ = {
			isa = XCBuildConfiguration;
			buildSettings = {
				ALWAYS_SEARCH_USER_PATHS = NO;
				CLANG_CXX_LANGUAGE_STANDARD = "gnu++0x";
				CLANG_CXX_LIBRARY = "libc++";
				CLANG_ENABLE_MODULES = YES;
				CLANG_ENABLE_OBJC_ARC = YES;
				CLANG_WARN_BOOL_CONVERSION = YES;
				CLANG_WARN_CONSTANT_CONVERSION = YES;
				CLANG_WARN_DIRECT_OBJC_ISA_USAGE = YES_ERROR;
				CLANG_WARN_EMPTY_BODY = YES;
				CLANG_WARN_ENUM_CONVERSION = YES;
				CLANG_WARN_INT_CONVERSION = YES;
				CLANG_WARN_OBJC_ROOT_CLASS = YES_ERROR;
				CLANG_WARN_UNREACHABLE_CODE = YES;
				CLANG_WARN__DUPLICATE_METHOD_MATCH = YES;
				"CODE_SIGN_IDENTITY[sdk=iphoneos*]" = "iPhone Developer";
				COPY_PHASE_STRIP = NO;
				DEBUG_INFORMATION_FORMAT = "dwarf-with-dsym";
				ENABLE_NS_ASSERTIONS = NO;
				ENABLE_STRICT_OBJC_MSGSEND = YES;
				GCC_C_LANGUAGE_STANDARD = gnu99;
				GCC_NO_COMMON_BLOCKS = YES;
				GCC_WARN_64_TO_32_BIT_CONVERSION = YES;
				GCC_WARN_ABOUT_RETURN_TYPE = YES_ERROR;
				GCC_WARN_UNDECLARED_SELECTOR = YES;
				GCC_WARN_UNINITIALIZED_AUTOS = YES_AGGRESSIVE;
				GCC_WARN_UNUSED_FUNCTION = YES;
				GCC_WARN_UNUSED_VARIABLE = YES;
				IPHONEOS_DEPLOYMENT_TARGET = 9.2;
				MTL_ENABLE_DEBUG_INFO = NO;
				SDKROOT = iphoneos;
				VALIDATE_PRODUCT = YES;
			};
			name = Release;
		};
		84E87E641C9A89D20017FCA9 /* Debug */ = {
			isa = XCBuildConfiguration;
			buildSettings = {
				ASSETCATALOG_COMPILER_APPICON_NAME = AppIcon;
				INFOPLIST_FILE = testGit/Info.plist;
				LD_RUNPATH_SEARCH_PATHS = "$(inherited) @executable_path/Frameworks";
				PRODUCT_BUNDLE_IDENTIFIER = Eservice.testGit;
				PRODUCT_NAME = "$(TARGET_NAME)";
			};
			name = Debug;
		};
		84E87E651C9A89D20017FCA9 /* Release */ = {
			isa = XCBuildConfiguration;
			buildSettings = {
				ASSETCATALOG_COMPILER_APPICON_NAME = AppIcon;
				INFOPLIST_FILE = testGit/Info.plist;
				LD_RUNPATH_SEARCH_PATHS = "$(inherited) @executable_path/Frameworks";
				PRODUCT_BUNDLE_IDENTIFIER = Eservice.testGit;
				PRODUCT_NAME = "$(TARGET_NAME)";
			};
			name = Release;
		};
		84E87E671C9A89D20017FCA9 /* Debug */ = {
			isa = XCBuildConfiguration;
			buildSettings = {
				BUNDLE_LOADER = "$(TEST_HOST)";
				INFOPLIST_FILE = testGitTests/Info.plist;
				LD_RUNPATH_SEARCH_PATHS = "$(inherited) @executable_path/Frameworks @loader_path/Frameworks";
				PRODUCT_BUNDLE_IDENTIFIER = Eservice.testGitTests;
				PRODUCT_NAME = "$(TARGET_NAME)";
				TEST_HOST = "$(BUILT_PRODUCTS_DIR)/testGit.app/testGit";
			};
			name = Debug;
		};
		84E87E681C9A89D20017FCA9 /* Release */ = {
			isa = XCBuildConfiguration;
			buildSettings = {
				BUNDLE_LOADER = "$(TEST_HOST)";
				INFOPLIST_FILE = testGitTests/Info.plist;
				LD_RUNPATH_SEARCH_PATHS = "$(inherited) @executable_path/Frameworks @loader_path/Frameworks";
				PRODUCT_BUNDLE_IDENTIFIER = Eservice.testGitTests;
				PRODUCT_NAME = "$(TARGET_NAME)";
				TEST_HOST = "$(BUILT_PRODUCTS_DIR)/testGit.app/testGit";
			};
			name = Release;
		};
		84E87E6A1C9A89D20017FCA9 /* Debug */ = {
			isa = XCBuildConfiguration;
			buildSettings = {
				INFOPLIST_FILE = testGitUITests/Info.plist;
				LD_RUNPATH_SEARCH_PATHS = "$(inherited) @executable_path/Frameworks @loader_path/Frameworks";
				PRODUCT_BUNDLE_IDENTIFIER = Eservice.testGitUITests;
				PRODUCT_NAME = "$(TARGET_NAME)";
				TEST_TARGET_NAME = testGit;
				USES_XCTRUNNER = YES;
			};
			name = Debug;
		};
		84E87E6B1C9A89D20017FCA9 /* Release */ = {
			isa = XCBuildConfiguration;
			buildSettings = {
				INFOPLIST_FILE = testGitUITests/Info.plist;
				LD_RUNPATH_SEARCH_PATHS = "$(inherited) @executable_path/Frameworks @loader_path/Frameworks";
				PRODUCT_BUNDLE_IDENTIFIER = Eservice.testGitUITests;
				PRODUCT_NAME = "$(TARGET_NAME)";
				TEST_TARGET_NAME = testGit;
				USES_XCTRUNNER = YES;
			};
			name = Release;
		};
/* End XCBuildConfiguration section */

/* Begin XCConfigurationList section */
		84E87E331C9A89D00017FCA9 /* Build configuration list for PBXProject "testGit" */ = {
			isa = XCConfigurationList;
			buildConfigurations = (
				84E87E611C9A89D20017FCA9 /* Debug */,
				84E87E621C9A89D20017FCA9 /* Release */,
			);
			defaultConfigurationIsVisible = 0;
			defaultConfigurationName = Release;
		};
		84E87E631C9A89D20017FCA9 /* Build configuration list for PBXNativeTarget "testGit" */ = {
			isa = XCConfigurationList;
			buildConfigurations = (
				84E87E641C9A89D20017FCA9 /* Debug */,
				84E87E651C9A89D20017FCA9 /* Release */,
			);
			defaultConfigurationIsVisible = 0;
		};
		84E87E661C9A89D20017FCA9 /* Build configuration list for PBXNativeTarget "testGitTests" */ = {
			isa = XCConfigurationList;
			buildConfigurations = (
				84E87E671C9A89D20017FCA9 /* Debug */,
				84E87E681C9A89D20017FCA9 /* Release */,
			);
			defaultConfigurationIsVisible = 0;
		};
		84E87E691C9A89D20017FCA9 /* Build configuration list for PBXNativeTarget "testGitUITests" */ = {
			isa = XCConfigurationList;
			buildConfigurations = (
				84E87E6A1C9A89D20017FCA9 /* Debug */,
				84E87E6B1C9A89D20017FCA9 /* Release */,
			);
			defaultConfigurationIsVisible = 0;
		};
/* End XCConfigurationList section */

/* Begin XCVersionGroup section */
		84E87E421C9A89D10017FCA9 /* testGit.xcdatamodeld */ = {
			isa = XCVersionGroup;
			children = (
				84E87E431C9A89D10017FCA9 /* testGit.xcdatamodel */,
			);
			currentVersion = 84E87E431C9A89D10017FCA9 /* testGit.xcdatamodel */;
			path = testGit.xcdatamodeld;
			sourceTree = "<group>";
			versionGroupType = wrapper.xcdatamodel;
		};
/* End XCVersionGroup section */
	};
	rootObject = 84E87E301C9A89D00017FCA9 /* Project object */;
}
